
Microsoft Visual Studio Solution File, Format Version 12.00
# Visual Studio 15
VisualStudioVersion = 15.0.28307.572
MinimumVisualStudioVersion = 10.0.40219.1
Project("{E24C65DC-7377-472B-9ABA-BC803B73C61A}") = "PlanePlacesWebService", "PlanePlacesWebService\", "{A6AEE2C4-03A7-445B-8533-A52C1C1CAC65}"
	ProjectSection(WebsiteProperties) = preProject
		TargetFrameworkMoniker = ".NETFramework,Version%3Dv4.6.1"
		Debug.AspNetCompiler.VirtualPath = "/localhost_57302"
		Debug.AspNetCompiler.PhysicalPath = "PlanePlacesWebService\"
		Debug.AspNetCompiler.TargetPath = "PrecompiledWeb\localhost_57302\"
		Debug.AspNetCompiler.Updateable = "true"
		Debug.AspNetCompiler.ForceOverwrite = "true"
		Debug.AspNetCompiler.FixedNames = "false"
		Debug.AspNetCompiler.Debug = "True"
		Release.AspNetCompiler.VirtualPath = "/localhost_57302"
		Release.AspNetCompiler.PhysicalPath = "PlanePlacesWebService\"
		Release.AspNetCompiler.TargetPath = "PrecompiledWeb\localhost_57302\"
		Release.AspNetCompiler.Updateable = "true"
		Release.AspNetCompiler.ForceOverwrite = "true"
		Release.AspNetCompiler.FixedNames = "false"
		Release.AspNetCompiler.Debug = "False"
		VWDPort = "57302"
		SlnRelativePath = "PlanePlacesWebService\"
		DefaultWebSiteLanguage = "Visual C#"
	EndProjectSection
EndProject
Global
	GlobalSection(SolutionConfigurationPlatforms) = preSolution
		Debug|Any CPU = Debug|Any CPU
	EndGlobalSection
	GlobalSection(ProjectConfigurationPlatforms) = postSolution
		{A6AEE2C4-03A7-445B-8533-A52C1C1CAC65}.Debug|Any CPU.ActiveCfg = Debug|Any CPU
		{A6AEE2C4-03A7-445B-8533-A52C1C1CAC65}.Debug|Any CPU.Build.0 = Debug|Any CPU
	EndGlobalSection
	GlobalSection(SolutionProperties) = preSolution
		HideSolutionNode = FALSE
	EndGlobalSection
	GlobalSection(ExtensibilityGlobals) = postSolution
		SolutionGuid = {68A8C12F-6DBB-4439-84D8-9B5FF7A6002E}
	EndGlobalSection
EndGlobal
